
Microsoft Visual Studio Solution File, Format Version 12.00
# Visual Studio Version 16
VisualStudioVersion = 16.0.28803.452
MinimumVisualStudioVersion = 10.0.40219.1
Project("{FAE04EC0-301F-11D3-BF4B-00C04F79EFBC}") = "EZHTTP", "EZHTTP\EZHTTP.csproj", "{93EC43B3-40B5-43B1-8289-C2150CAB4474}"
EndProject
Global
	GlobalSection(SolutionConfigurationPlatforms) = preSolution
		Debug|Any CPU = Debug|Any CPU
		Release|Any CPU = Release|Any CPU
	EndGlobalSection
	GlobalSection(ProjectConfigurationPlatforms) = postSolution
		{93EC43B3-40B5-43B1-8289-C2150CAB4474}.Debug|Any CPU.ActiveCfg = Release|Any CPU
		{93EC43B3-40B5-43B1-8289-C2150CAB4474}.Debug|Any CPU.Build.0 = Release|Any CPU
		{93EC43B3-40B5-43B1-8289-C2150CAB4474}.Release|Any CPU.ActiveCfg = Release|Any CPU
		{93EC43B3-40B5-43B1-8289-C2150CAB4474}.Release|Any CPU.Build.0 = Release|Any CPU
	EndGlobalSection
	GlobalSection(SolutionProperties) = preSolution
		HideSolutionNode = FALSE
	EndGlobalSection
	GlobalSection(ExtensibilityGlobals) = postSolution
		SolutionGuid = {993C5016-AE88-49AA-8864-656B5A51BB34}
	EndGlobalSection
EndGlobal
